{
  "requires": true,
  "lockfileVersion": 1,
  "dependencies": {
    "mulder-brewing-palindrome": {
      "version": "0.1.2",
      "resolved": "https://registry.npmjs.org/mulder-brewing-palindrome/-/mulder-brewing-palindrome-0.1.2.tgz",
      "integrity": "sha512-gnGEK4OeFlUG7QRuijBEwv2li7A12fe0e+22N54S9nZ3ZlmhfiAxrnk7IHGtFGR6eJ1MK/aoQnN3MkcBU0uAXQ=="
    }
  }
}
